
Microsoft Visual Studio Solution File, Format Version 12.00
# Visual Studio Version 16
VisualStudioVersion = 16.0.31129.286
MinimumVisualStudioVersion = 10.0.40219.1
Project("{FAE04EC0-301F-11D3-BF4B-00C04F79EFBC}") = "work1", "work1\work1.csproj", "{B9686F63-C332-4FC2-BA33-246A00E62BB2}"
EndProject
Global
	GlobalSection(SolutionConfigurationPlatforms) = preSolution
		Debug|Any CPU = Debug|Any CPU
		Release|Any CPU = Release|Any CPU
	EndGlobalSection
	GlobalSection(ProjectConfigurationPlatforms) = postSolution
		{B9686F63-C332-4FC2-BA33-246A00E62BB2}.Debug|Any CPU.ActiveCfg = Debug|Any CPU
		{B9686F63-C332-4FC2-BA33-246A00E62BB2}.Debug|Any CPU.Build.0 = Debug|Any CPU
		{B9686F63-C332-4FC2-BA33-246A00E62BB2}.Release|Any CPU.ActiveCfg = Release|Any CPU
		{B9686F63-C332-4FC2-BA33-246A00E62BB2}.Release|Any CPU.Build.0 = Release|Any CPU
	EndGlobalSection
	GlobalSection(SolutionProperties) = preSolution
		HideSolutionNode = FALSE
	EndGlobalSection
	GlobalSection(ExtensibilityGlobals) = postSolution
		SolutionGuid = {91369AF2-20A8-455A-ADB4-E31F706D43F3}
	EndGlobalSection
EndGlobal
